// !$*UTF8*$!
{
	archiveVersion = 1;
	classes = {
	};
	objectVersion = 77;
	objects = {

/* Begin PBXBuildFile section */
		A90029522E94146300F90FC5 /* FeedKit in Frameworks */ = {isa = PBXBuildFile; productRef = A90029512E94146300F90FC5 /* FeedKit */; };
		A90029542E94146300F90FC5 /* XMLKit in Frameworks */ = {isa = PBXBuildFile; productRef = A90029532E94146300F90FC5 /* XMLKit */; };
		A97C2ACA2E561B5000889AB0 /* WidgetKit.framework in Frameworks */ = {isa = PBXBuildFile; fileRef = A97C2AC92E561B4F00889AB0 /* WidgetKit.framework */; };
		A97C2ACC2E561B5000889AB0 /* SwiftUI.framework in Frameworks */ = {isa = PBXBuildFile; fileRef = A97C2ACB2E561B5000889AB0 /* SwiftUI.framework */; };
		A97C2AD72E561B5100889AB0 /* AyakasiWidgetExtension.appex in Embed Foundation Extensions */ = {isa = PBXBuildFile; fileRef = A97C2AC72E561B4F00889AB0 /* AyakasiWidgetExtension.appex */; settings = {ATTRIBUTES = (RemoveHeadersOnCopy, ); }; };
		A99B6CAC2EC382D700D5D274 /* Kingfisher in Frameworks */ = {isa = PBXBuildFile; productRef = A99B6CAB2EC382D700D5D274 /* Kingfisher */; };
		A9DBF6DD2E876D9600F5CDBF /* FirebaseCore in Frameworks */ = {isa = PBXBuildFile; productRef = A9DBF6DC2E876D9600F5CDBF /* FirebaseCore */; };
		A9DBF6E22E87795A00F5CDBF /* FirebaseAuth in Frameworks */ = {isa = PBXBuildFile; productRef = A9DBF6E12E87795A00F5CDBF /* FirebaseAuth */; };
		A9DBF6E52E87B73000F5CDBF /* GoogleSignIn in Frameworks */ = {isa = PBXBuildFile; productRef = A9DBF6E42E87B73000F5CDBF /* GoogleSignIn */; };
		A9DBF6E72E87B73000F5CDBF /* GoogleSignInSwift in Frameworks */ = {isa = PBXBuildFile; productRef = A9DBF6E62E87B73000F5CDBF /* GoogleSignInSwift */; };
		A9DBF7222E8A453500F5CDBF /* FeedKit in Frameworks */ = {isa = PBXBuildFile; productRef = A9DBF7212E8A453500F5CDBF /* FeedKit */; };
		A9DBF79E2E90ECE900F5CDBF /* XMLKit in Frameworks */ = {isa = PBXBuildFile; productRef = A9DBF79D2E90ECE900F5CDBF /* XMLKit */; };
/* End PBXBuildFile section */

/* Begin PBXContainerItemProxy section */
		A97C2AD52E561B5100889AB0 /* PBXContainerItemProxy */ = {
			isa = PBXContainerItemProxy;
			containerPortal = A97C29F32E4B6D3000889AB0 /* Project object */;
			proxyType = 1;
			remoteGlobalIDString = A97C2AC62E561B4F00889AB0;
			remoteInfo = AyakasiWidgetExtension;
		};
/* End PBXContainerItemProxy section */

/* Begin PBXCopyFilesBuildPhase section */
		A97C2ADC2E561B5100889AB0 /* Embed Foundation Extensions */ = {
			isa = PBXCopyFilesBuildPhase;
			buildActionMask = 2147483647;
			dstPath = "";
			dstSubfolderSpec = 13;
			files = (
				A97C2AD72E561B5100889AB0 /* AyakasiWidgetExtension.appex in Embed Foundation Extensions */,
			);
			name = "Embed Foundation Extensions";
			runOnlyForDeploymentPostprocessing = 0;
		};
/* End PBXCopyFilesBuildPhase section */

/* Begin PBXFileReference section */
		A97C29FB2E4B6D3000889AB0 /* ayakasi.app */ = {isa = PBXFileReference; explicitFileType = wrapper.application; includeInIndex = 0; path = ayakasi.app; sourceTree = BUILT_PRODUCTS_DIR; };
		A97C2AC72E561B4F00889AB0 /* AyakasiWidgetExtension.appex */ = {isa = PBXFileReference; explicitFileType = "wrapper.app-extension"; includeInIndex = 0; path = AyakasiWidgetExtension.appex; sourceTree = BUILT_PRODUCTS_DIR; };
		A97C2AC92E561B4F00889AB0 /* WidgetKit.framework */ = {isa = PBXFileReference; lastKnownFileType = wrapper.framework; name = WidgetKit.framework; path = System/Library/Frameworks/WidgetKit.framework; sourceTree = SDKROOT; };
		A97C2ACB2E561B5000889AB0 /* SwiftUI.framework */ = {isa = PBXFileReference; lastKnownFileType = wrapper.framework; name = SwiftUI.framework; path = System/Library/Frameworks/SwiftUI.framework; sourceTree = SDKROOT; };
		A97C2AF42E5C959000889AB0 /* AyakasiWidgetExtension.entitlements */ = {isa = PBXFileReference; lastKnownFileType = text.plist.entitlements; path = AyakasiWidgetExtension.entitlements; sourceTree = "<group>"; };
/* End PBXFileReference section */

/* Begin PBXFileSystemSynchronizedBuildFileExceptionSet section */
		A97C2A282E4CC56100889AB0 /* Exceptions for "ayakasi" folder in "ayakasi" target */ = {
			isa = PBXFileSystemSynchronizedBuildFileExceptionSet;
			membershipExceptions = (
				Info.plist,
			);
			target = A97C29FA2E4B6D3000889AB0 /* ayakasi */;
		};
		A97C2AD82E561B5100889AB0 /* Exceptions for "AyakasiWidget" folder in "AyakasiWidgetExtension" target */ = {
			isa = PBXFileSystemSynchronizedBuildFileExceptionSet;
			membershipExceptions = (
				Info.plist,
			);
			target = A97C2AC62E561B4F00889AB0 /* AyakasiWidgetExtension */;
		};
/* End PBXFileSystemSynchronizedBuildFileExceptionSet section */

/* Begin PBXFileSystemSynchronizedRootGroup section */
		A97C29FD2E4B6D3000889AB0 /* ayakasi */ = {
			isa = PBXFileSystemSynchronizedRootGroup;
			exceptions = (
				A97C2A282E4CC56100889AB0 /* Exceptions for "ayakasi" folder in "ayakasi" target */,
			);
			path = ayakasi;
			sourceTree = "<group>";
		};
		A97C2ACD2E561B5000889AB0 /* AyakasiWidget */ = {
			isa = PBXFileSystemSynchronizedRootGroup;
			exceptions = (
				A97C2AD82E561B5100889AB0 /* Exceptions for "AyakasiWidget" folder in "AyakasiWidgetExtension" target */,
			);
			path = AyakasiWidget;
			sourceTree = "<group>";
		};
/* End PBXFileSystemSynchronizedRootGroup section */

/* Begin PBXFrameworksBuildPhase section */
		A97C29F82E4B6D3000889AB0 /* Frameworks */ = {
			isa = PBXFrameworksBuildPhase;
			buildActionMask = 2147483647;
			files = (
				A9DBF6DD2E876D9600F5CDBF /* FirebaseCore in Frameworks */,
				A9DBF79E2E90ECE900F5CDBF /* XMLKit in Frameworks */,
				A99B6CAC2EC382D700D5D274 /* Kingfisher in Frameworks */,
				A9DBF7222E8A453500F5CDBF /* FeedKit in Frameworks */,
				A9DBF6E22E87795A00F5CDBF /* FirebaseAuth in Frameworks */,
				A9DBF6E52E87B73000F5CDBF /* GoogleSignIn in Frameworks */,
				A9DBF6E72E87B73000F5CDBF /* GoogleSignInSwift in Frameworks */,
			);
			runOnlyForDeploymentPostprocessing = 0;
		};
		A97C2AC42E561B4F00889AB0 /* Frameworks */ = {
			isa = PBXFrameworksBuildPhase;
			buildActionMask = 2147483647;
			files = (
				A90029522E94146300F90FC5 /* FeedKit in Frameworks */,
				A97C2ACC2E561B5000889AB0 /* SwiftUI.framework in Frameworks */,
				A97C2ACA2E561B5000889AB0 /* WidgetKit.framework in Frameworks */,
				A90029542E94146300F90FC5 /* XMLKit in Frameworks */,
			);
			runOnlyForDeploymentPostprocessing = 0;
		};
/* End PBXFrameworksBuildPhase section */

/* Begin PBXGroup section */
		A97C29F22E4B6D3000889AB0 = {
			isa = PBXGroup;
			children = (
				A97C2AF42E5C959000889AB0 /* AyakasiWidgetExtension.entitlements */,
				A97C2ACD2E561B5000889AB0 /* AyakasiWidget */,
				A97C2AC82E561B4F00889AB0 /* Frameworks */,
				A97C29FC2E4B6D3000889AB0 /* Products */,
				A97C29FD2E4B6D3000889AB0 /* ayakasi */,
			);
			sourceTree = "<group>";
		};
		A97C29FC2E4B6D3000889AB0 /* Products */ = {
			isa = PBXGroup;
			children = (
				A97C29FB2E4B6D3000889AB0 /* ayakasi.app */,
				A97C2AC72E561B4F00889AB0 /* AyakasiWidgetExtension.appex */,
			);
			name = Products;
			sourceTree = "<group>";
		};
		A97C2AC82E561B4F00889AB0 /* Frameworks */ = {
			isa = PBXGroup;
			children = (
				A97C2AC92E561B4F00889AB0 /* WidgetKit.framework */,
				A97C2ACB2E561B5000889AB0 /* SwiftUI.framework */,
			);
			name = Frameworks;
			sourceTree = "<group>";
		};
/* End PBXGroup section */

/* Begin PBXNativeTarget section */
		A97C29FA2E4B6D3000889AB0 /* ayakasi */ = {
			isa = PBXNativeTarget;
			buildConfigurationList = A97C2A072E4B6D3100889AB0 /* Build configuration list for PBXNativeTarget "ayakasi" */;
			buildPhases = (
				A97C29F72E4B6D3000889AB0 /* Sources */,
				A97C29F82E4B6D3000889AB0 /* Frameworks */,
				A97C29F92E4B6D3000889AB0 /* Resources */,
				A97C2ADC2E561B5100889AB0 /* Embed Foundation Extensions */,
			);
			buildRules = (
			);
			dependencies = (
				A97C2AD62E561B5100889AB0 /* PBXTargetDependency */,
			);
			fileSystemSynchronizedGroups = (
				A97C29FD2E4B6D3000889AB0 /* ayakasi */,
			);
			name = ayakasi;
			packageProductDependencies = (
				A9DBF6DC2E876D9600F5CDBF /* FirebaseCore */,
				A9DBF6E12E87795A00F5CDBF /* FirebaseAuth */,
				A9DBF6E42E87B73000F5CDBF /* GoogleSignIn */,
				A9DBF6E62E87B73000F5CDBF /* GoogleSignInSwift */,
				A9DBF7212E8A453500F5CDBF /* FeedKit */,
				A9DBF79D2E90ECE900F5CDBF /* XMLKit */,
				A99B6CAB2EC382D700D5D274 /* Kingfisher */,
			);
			productName = ayakasi;
			productReference = A97C29FB2E4B6D3000889AB0 /* ayakasi.app */;
			productType = "com.apple.product-type.application";
		};
		A97C2AC62E561B4F00889AB0 /* AyakasiWidgetExtension */ = {
			isa = PBXNativeTarget;
			buildConfigurationList = A97C2AD92E561B5100889AB0 /* Build configuration list for PBXNativeTarget "AyakasiWidgetExtension" */;
			buildPhases = (
				A97C2AC32E561B4F00889AB0 /* Sources */,
				A97C2AC42E561B4F00889AB0 /* Frameworks */,
				A97C2AC52E561B4F00889AB0 /* Resources */,
			);
			buildRules = (
			);
			dependencies = (
			);
			fileSystemSynchronizedGroups = (
				A97C2ACD2E561B5000889AB0 /* AyakasiWidget */,
			);
			name = AyakasiWidgetExtension;
			packageProductDependencies = (
				A90029512E94146300F90FC5 /* FeedKit */,
				A90029532E94146300F90FC5 /* XMLKit */,
			);
			productName = AyakasiWidgetExtension;
			productReference = A97C2AC72E561B4F00889AB0 /* AyakasiWidgetExtension.appex */;
			productType = "com.apple.product-type.app-extension";
		};
/* End PBXNativeTarget section */

/* Begin PBXProject section */
		A97C29F32E4B6D3000889AB0 /* Project object */ = {
			isa = PBXProject;
			attributes = {
				BuildIndependentTargetsInParallel = 1;
				LastSwiftUpdateCheck = 1630;
				LastUpgradeCheck = 1630;
				TargetAttributes = {
					A97C29FA2E4B6D3000889AB0 = {
						CreatedOnToolsVersion = 16.3;
					};
					A97C2AC62E561B4F00889AB0 = {
						CreatedOnToolsVersion = 16.3;
					};
				};
			};
			buildConfigurationList = A97C29F62E4B6D3000889AB0 /* Build configuration list for PBXProject "ayakasi" */;
			developmentRegion = ja;
			hasScannedForEncodings = 0;
			knownRegions = (
				ja,
			);
			mainGroup = A97C29F22E4B6D3000889AB0;
			minimizedProjectReferenceProxies = 1;
			packageReferences = (
				A9DBF6DB2E876D9600F5CDBF /* XCRemoteSwiftPackageReference "firebase-ios-sdk" */,
				A9DBF6E32E87B73000F5CDBF /* XCRemoteSwiftPackageReference "GoogleSignIn-iOS" */,
				A9DBF7202E8A453500F5CDBF /* XCRemoteSwiftPackageReference "FeedKit" */,
				A99B6CAA2EC382D700D5D274 /* XCRemoteSwiftPackageReference "Kingfisher" */,
			);
			preferredProjectObjectVersion = 77;
			productRefGroup = A97C29FC2E4B6D3000889AB0 /* Products */;
			projectDirPath = "";
			projectRoot = "";
			targets = (
				A97C29FA2E4B6D3000889AB0 /* ayakasi */,
				A97C2AC62E561B4F00889AB0 /* AyakasiWidgetExtension */,
			);
		};
/* End PBXProject section */

/* Begin PBXResourcesBuildPhase section */
		A97C29F92E4B6D3000889AB0 /* Resources */ = {
			isa = PBXResourcesBuildPhase;
			buildActionMask = 2147483647;
			files = (
			);
			runOnlyForDeploymentPostprocessing = 0;
		};
		A97C2AC52E561B4F00889AB0 /* Resources */ = {
			isa = PBXResourcesBuildPhase;
			buildActionMask = 2147483647;
			files = (
			);
			runOnlyForDeploymentPostprocessing = 0;
		};
/* End PBXResourcesBuildPhase section */

/* Begin PBXSourcesBuildPhase section */
		A97C29F72E4B6D3000889AB0 /* Sources */ = {
			isa = PBXSourcesBuildPhase;
			buildActionMask = 2147483647;
			files = (
			);
			runOnlyForDeploymentPostprocessing = 0;
		};
		A97C2AC32E561B4F00889AB0 /* Sources */ = {
			isa = PBXSourcesBuildPhase;
			buildActionMask = 2147483647;
			files = (
			);
			runOnlyForDeploymentPostprocessing = 0;
		};
/* End PBXSourcesBuildPhase section */

/* Begin PBXTargetDependency section */
		A97C2AD62E561B5100889AB0 /* PBXTargetDependency */ = {
			isa = PBXTargetDependency;
			target = A97C2AC62E561B4F00889AB0 /* AyakasiWidgetExtension */;
			targetProxy = A97C2AD52E561B5100889AB0 /* PBXContainerItemProxy */;
		};
/* End PBXTargetDependency section */

/* Begin XCBuildConfiguration section */
		A97C2A052E4B6D3100889AB0 /* Debug */ = {
			isa = XCBuildConfiguration;
			buildSettings = {
				ALWAYS_SEARCH_USER_PATHS = NO;
				ASSETCATALOG_COMPILER_GENERATE_SWIFT_ASSET_SYMBOL_EXTENSIONS = YES;
				CLANG_ANALYZER_NONNULL = YES;
				CLANG_ANALYZER_NUMBER_OBJECT_CONVERSION = YES_AGGRESSIVE;
				CLANG_CXX_LANGUAGE_STANDARD = "gnu++20";
				CLANG_ENABLE_MODULES = YES;
				CLANG_ENABLE_OBJC_ARC = YES;
				CLANG_ENABLE_OBJC_WEAK = YES;
				CLANG_WARN_BLOCK_CAPTURE_AUTORELEASING = YES;
				CLANG_WARN_BOOL_CONVERSION = YES;
				CLANG_WARN_COMMA = YES;
				CLANG_WARN_CONSTANT_CONVERSION = YES;
				CLANG_WARN_DEPRECATED_OBJC_IMPLEMENTATIONS = YES;
				CLANG_WARN_DIRECT_OBJC_ISA_USAGE = YES_ERROR;
				CLANG_WARN_DOCUMENTATION_COMMENTS = YES;
				CLANG_WARN_EMPTY_BODY = YES;
				CLANG_WARN_ENUM_CONVERSION = YES;
				CLANG_WARN_INFINITE_RECURSION = YES;
				CLANG_WARN_INT_CONVERSION = YES;
				CLANG_WARN_NON_LITERAL_NULL_CONVERSION = YES;
				CLANG_WARN_OBJC_IMPLICIT_RETAIN_SELF = YES;
				CLANG_WARN_OBJC_LITERAL_CONVERSION = YES;
				CLANG_WARN_OBJC_ROOT_CLASS = YES_ERROR;
				CLANG_WARN_QUOTED_INCLUDE_IN_FRAMEWORK_HEADER = YES;
				CLANG_WARN_RANGE_LOOP_ANALYSIS = YES;
				CLANG_WARN_STRICT_PROTOTYPES = YES;
				CLANG_WARN_SUSPICIOUS_MOVE = YES;
				CLANG_WARN_UNGUARDED_AVAILABILITY = YES_AGGRESSIVE;
				CLANG_WARN_UNREACHABLE_CODE = YES;
				CLANG_WARN__DUPLICATE_METHOD_MATCH = YES;
				COPY_PHASE_STRIP = NO;
				DEBUG_INFORMATION_FORMAT = dwarf;
				DEVELOPMENT_TEAM = XVM4X7JGBU;
				ENABLE_STRICT_OBJC_MSGSEND = YES;
				ENABLE_TESTABILITY = YES;
				ENABLE_USER_SCRIPT_SANDBOXING = YES;
				GCC_C_LANGUAGE_STANDARD = gnu17;
				GCC_DYNAMIC_NO_PIC = NO;
				GCC_NO_COMMON_BLOCKS = YES;
				GCC_OPTIMIZATION_LEVEL = 0;
				GCC_PREPROCESSOR_DEFINITIONS = (
					"DEBUG=1",
					"$(inherited)",
				);
				GCC_WARN_64_TO_32_BIT_CONVERSION = YES;
				GCC_WARN_ABOUT_RETURN_TYPE = YES_ERROR;
				GCC_WARN_UNDECLARED_SELECTOR = YES;
				GCC_WARN_UNINITIALIZED_AUTOS = YES_AGGRESSIVE;
				GCC_WARN_UNUSED_FUNCTION = YES;
				GCC_WARN_UNUSED_VARIABLE = YES;
				LOCALIZATION_PREFERS_STRING_CATALOGS = YES;
				MTL_ENABLE_DEBUG_INFO = INCLUDE_SOURCE;
				MTL_FAST_MATH = YES;
				ONLY_ACTIVE_ARCH = YES;
				SWIFT_ACTIVE_COMPILATION_CONDITIONS = "DEBUG $(inherited)";
				SWIFT_OPTIMIZATION_LEVEL = "-Onone";
			};
			name = Debug;
		};
		A97C2A062E4B6D3100889AB0 /* Release */ = {
			isa = XCBuildConfiguration;
			buildSettings = {
				ALWAYS_SEARCH_USER_PATHS = NO;
				ASSETCATALOG_COMPILER_GENERATE_SWIFT_ASSET_SYMBOL_EXTENSIONS = YES;
				CLANG_ANALYZER_NONNULL = YES;
				CLANG_ANALYZER_NUMBER_OBJECT_CONVERSION = YES_AGGRESSIVE;
				CLANG_CXX_LANGUAGE_STANDARD = "gnu++20";
				CLANG_ENABLE_MODULES = YES;
				CLANG_ENABLE_OBJC_ARC = YES;
				CLANG_ENABLE_OBJC_WEAK = YES;
				CLANG_WARN_BLOCK_CAPTURE_AUTORELEASING = YES;
				CLANG_WARN_BOOL_CONVERSION = YES;
				CLANG_WARN_COMMA = YES;
				CLANG_WARN_CONSTANT_CONVERSION = YES;
				CLANG_WARN_DEPRECATED_OBJC_IMPLEMENTATIONS = YES;
				CLANG_WARN_DIRECT_OBJC_ISA_USAGE = YES_ERROR;
				CLANG_WARN_DOCUMENTATION_COMMENTS = YES;
				CLANG_WARN_EMPTY_BODY = YES;
				CLANG_WARN_ENUM_CONVERSION = YES;
				CLANG_WARN_INFINITE_RECURSION = YES;
				CLANG_WARN_INT_CONVERSION = YES;
				CLANG_WARN_NON_LITERAL_NULL_CONVERSION = YES;
				CLANG_WARN_OBJC_IMPLICIT_RETAIN_SELF = YES;
				CLANG_WARN_OBJC_LITERAL_CONVERSION = YES;
				CLANG_WARN_OBJC_ROOT_CLASS = YES_ERROR;
				CLANG_WARN_QUOTED_INCLUDE_IN_FRAMEWORK_HEADER = YES;
				CLANG_WARN_RANGE_LOOP_ANALYSIS = YES;
				CLANG_WARN_STRICT_PROTOTYPES = YES;
				CLANG_WARN_SUSPICIOUS_MOVE = YES;
				CLANG_WARN_UNGUARDED_AVAILABILITY = YES_AGGRESSIVE;
				CLANG_WARN_UNREACHABLE_CODE = YES;
				CLANG_WARN__DUPLICATE_METHOD_MATCH = YES;
				COPY_PHASE_STRIP = NO;
				DEBUG_INFORMATION_FORMAT = "dwarf-with-dsym";
				DEVELOPMENT_TEAM = XVM4X7JGBU;
				ENABLE_NS_ASSERTIONS = NO;
				ENABLE_STRICT_OBJC_MSGSEND = YES;
				ENABLE_USER_SCRIPT_SANDBOXING = YES;
				GCC_C_LANGUAGE_STANDARD = gnu17;
				GCC_NO_COMMON_BLOCKS = YES;
				GCC_WARN_64_TO_32_BIT_CONVERSION = YES;
				GCC_WARN_ABOUT_RETURN_TYPE = YES_ERROR;
				GCC_WARN_UNDECLARED_SELECTOR = YES;
				GCC_WARN_UNINITIALIZED_AUTOS = YES_AGGRESSIVE;
				GCC_WARN_UNUSED_FUNCTION = YES;
				GCC_WARN_UNUSED_VARIABLE = YES;
				LOCALIZATION_PREFERS_STRING_CATALOGS = YES;
				MTL_ENABLE_DEBUG_INFO = NO;
				MTL_FAST_MATH = YES;
				SWIFT_COMPILATION_MODE = wholemodule;
			};
			name = Release;
		};
		A97C2A082E4B6D3100889AB0 /* Debug */ = {
			isa = XCBuildConfiguration;
			buildSettings = {
				ASSETCATALOG_COMPILER_APPICON_NAME = AppIcon;
				ASSETCATALOG_COMPILER_GLOBAL_ACCENT_COLOR_NAME = AccentColor;
				CODE_SIGN_ENTITLEMENTS = ayakasi/ayakasi.entitlements;
				CODE_SIGN_STYLE = Automatic;
				CURRENT_PROJECT_VERSION = 1;
				DEVELOPMENT_TEAM = XVM4X7JGBU;
				ENABLE_HARDENED_RUNTIME = YES;
				ENABLE_PREVIEWS = YES;
				GENERATE_INFOPLIST_FILE = YES;
				INFOPLIST_FILE = ayakasi/Info.plist;
				INFOPLIST_KEY_CFBundleDisplayName = "妖怪図鑑";
				INFOPLIST_KEY_NSHealthShareUsageDescription = "歩数、消費カロリー、基礎代謝データの読み取りに使用します。";
				INFOPLIST_KEY_NSHealthUpdateUsageDescription = "このアプリはヘルスケアへのデータ書き込みは行いません。";
				INFOPLIST_KEY_NSLocationWhenInUseUsageDescription = "現在地の天気を取得するために位置情報を使います";
				INFOPLIST_KEY_NSPhotoLibraryAddUsageDescription = "写真追加のためにフォトライブラリにアクセスが必要です。";
				"INFOPLIST_KEY_UIApplicationSceneManifest_Generation[sdk=iphoneos*]" = YES;
				"INFOPLIST_KEY_UIApplicationSceneManifest_Generation[sdk=iphonesimulator*]" = YES;
				"INFOPLIST_KEY_UIApplicationSupportsIndirectInputEvents[sdk=iphoneos*]" = YES;
				"INFOPLIST_KEY_UIApplicationSupportsIndirectInputEvents[sdk=iphonesimulator*]" = YES;
				"INFOPLIST_KEY_UILaunchScreen_Generation[sdk=iphoneos*]" = YES;
				"INFOPLIST_KEY_UILaunchScreen_Generation[sdk=iphonesimulator*]" = YES;
				INFOPLIST_KEY_UILaunchStoryboardName = LaunchScreen;
				"INFOPLIST_KEY_UIStatusBarStyle[sdk=iphoneos*]" = UIStatusBarStyleDefault;
				"INFOPLIST_KEY_UIStatusBarStyle[sdk=iphonesimulator*]" = UIStatusBarStyleDefault;
				INFOPLIST_KEY_UISupportedInterfaceOrientations = UIInterfaceOrientationPortrait;
				INFOPLIST_KEY_UISupportedInterfaceOrientations_iPad = "UIInterfaceOrientationLandscapeLeft UIInterfaceOrientationLandscapeRight UIInterfaceOrientationPortrait UIInterfaceOrientationPortraitUpsideDown";
				IPHONEOS_DEPLOYMENT_TARGET = 17.0;
				LD_RUNPATH_SEARCH_PATHS = "@executable_path/Frameworks";
				"LD_RUNPATH_SEARCH_PATHS[sdk=macosx*]" = "@executable_path/../Frameworks";
				MACOSX_DEPLOYMENT_TARGET = 15.2;
				MARKETING_VERSION = 2.12.5;
				PRODUCT_BUNDLE_IDENTIFIER = net.phihash.ayakasi;
				PRODUCT_NAME = "$(TARGET_NAME)";
				REGISTER_APP_GROUPS = YES;
				SDKROOT = auto;
				SUPPORTED_PLATFORMS = "iphoneos iphonesimulator";
				SUPPORTS_MACCATALYST = NO;
				SWIFT_EMIT_LOC_STRINGS = YES;
				SWIFT_VERSION = 5.0;
				TARGETED_DEVICE_FAMILY = "1,2";
				XROS_DEPLOYMENT_TARGET = 2.4;
			};
			name = Debug;
		};
		A97C2A092E4B6D3100889AB0 /* Release */ = {
			isa = XCBuildConfiguration;
			buildSettings = {
				ASSETCATALOG_COMPILER_APPICON_NAME = AppIcon;
				ASSETCATALOG_COMPILER_GLOBAL_ACCENT_COLOR_NAME = AccentColor;
				CODE_SIGN_ENTITLEMENTS = ayakasi/ayakasi.entitlements;
				CODE_SIGN_STYLE = Automatic;
				CURRENT_PROJECT_VERSION = 1;
				DEVELOPMENT_TEAM = XVM4X7JGBU;
				ENABLE_HARDENED_RUNTIME = YES;
				ENABLE_PREVIEWS = YES;
				GENERATE_INFOPLIST_FILE = YES;
				INFOPLIST_FILE = ayakasi/Info.plist;
				INFOPLIST_KEY_CFBundleDisplayName = "妖怪図鑑";
				INFOPLIST_KEY_NSHealthShareUsageDescription = "歩数、消費カロリー、基礎代謝データの読み取りに使用します。";
				INFOPLIST_KEY_NSHealthUpdateUsageDescription = "このアプリはヘルスケアへのデータ書き込みは行いません。";
				INFOPLIST_KEY_NSLocationWhenInUseUsageDescription = "現在地の天気を取得するために位置情報を使います";
				INFOPLIST_KEY_NSPhotoLibraryAddUsageDescription = "写真追加のためにフォトライブラリにアクセスが必要です。";
				"INFOPLIST_KEY_UIApplicationSceneManifest_Generation[sdk=iphoneos*]" = YES;
				"INFOPLIST_KEY_UIApplicationSceneManifest_Generation[sdk=iphonesimulator*]" = YES;
				"INFOPLIST_KEY_UIApplicationSupportsIndirectInputEvents[sdk=iphoneos*]" = YES;
				"INFOPLIST_KEY_UIApplicationSupportsIndirectInputEvents[sdk=iphonesimulator*]" = YES;
				"INFOPLIST_KEY_UILaunchScreen_Generation[sdk=iphoneos*]" = YES;
				"INFOPLIST_KEY_UILaunchScreen_Generation[sdk=iphonesimulator*]" = YES;
				INFOPLIST_KEY_UILaunchStoryboardName = LaunchScreen;
				"INFOPLIST_KEY_UIStatusBarStyle[sdk=iphoneos*]" = UIStatusBarStyleDefault;
				"INFOPLIST_KEY_UIStatusBarStyle[sdk=iphonesimulator*]" = UIStatusBarStyleDefault;
				INFOPLIST_KEY_UISupportedInterfaceOrientations = UIInterfaceOrientationPortrait;
				INFOPLIST_KEY_UISupportedInterfaceOrientations_iPad = "UIInterfaceOrientationLandscapeLeft UIInterfaceOrientationLandscapeRight UIInterfaceOrientationPortrait UIInterfaceOrientationPortraitUpsideDown";
				IPHONEOS_DEPLOYMENT_TARGET = 17.0;
				LD_RUNPATH_SEARCH_PATHS = "@executable_path/Frameworks";
				"LD_RUNPATH_SEARCH_PATHS[sdk=macosx*]" = "@executable_path/../Frameworks";
				MACOSX_DEPLOYMENT_TARGET = 15.2;
				MARKETING_VERSION = 2.12.5;
				PRODUCT_BUNDLE_IDENTIFIER = net.phihash.ayakasi;
				PRODUCT_NAME = "$(TARGET_NAME)";
				REGISTER_APP_GROUPS = YES;
				SDKROOT = auto;
				SUPPORTED_PLATFORMS = "iphoneos iphonesimulator";
				SUPPORTS_MACCATALYST = NO;
				SWIFT_EMIT_LOC_STRINGS = YES;
				SWIFT_VERSION = 5.0;
				TARGETED_DEVICE_FAMILY = "1,2";
				XROS_DEPLOYMENT_TARGET = 2.4;
			};
			name = Release;
		};
		A97C2ADA2E561B5100889AB0 /* Debug */ = {
			isa = XCBuildConfiguration;
			buildSettings = {
				ASSETCATALOG_COMPILER_GLOBAL_ACCENT_COLOR_NAME = AccentColor;
				ASSETCATALOG_COMPILER_WIDGET_BACKGROUND_COLOR_NAME = WidgetBackground;
				CODE_SIGN_ENTITLEMENTS = AyakasiWidgetExtension.entitlements;
				CODE_SIGN_STYLE = Automatic;
				CURRENT_PROJECT_VERSION = 1;
				DEVELOPMENT_TEAM = XVM4X7JGBU;
				GENERATE_INFOPLIST_FILE = YES;
				INFOPLIST_FILE = AyakasiWidget/Info.plist;
				INFOPLIST_KEY_CFBundleDisplayName = AyakasiWidget;
				INFOPLIST_KEY_NSHumanReadableCopyright = "";
				INFOPLIST_KEY_UIUserInterfaceStyle = Light;
				IPHONEOS_DEPLOYMENT_TARGET = 17.0;
				LD_RUNPATH_SEARCH_PATHS = (
					"$(inherited)",
					"@executable_path/Frameworks",
					"@executable_path/../../Frameworks",
				);
				MARKETING_VERSION = 2.12.5;
				PRODUCT_BUNDLE_IDENTIFIER = net.phihash.ayakasi.AyakasiWidget;
				PRODUCT_NAME = "$(TARGET_NAME)";
				SDKROOT = iphoneos;
				SKIP_INSTALL = YES;
				SWIFT_EMIT_LOC_STRINGS = YES;
				SWIFT_VERSION = 5.0;
				TARGETED_DEVICE_FAMILY = "1,2";
			};
			name = Debug;
		};
		A97C2ADB2E561B5100889AB0 /* Release */ = {
			isa = XCBuildConfiguration;
			buildSettings = {
				ASSETCATALOG_COMPILER_GLOBAL_ACCENT_COLOR_NAME = AccentColor;
				ASSETCATALOG_COMPILER_WIDGET_BACKGROUND_COLOR_NAME = WidgetBackground;
				CODE_SIGN_ENTITLEMENTS = AyakasiWidgetExtension.entitlements;
				CODE_SIGN_STYLE = Automatic;
				CURRENT_PROJECT_VERSION = 1;
				DEVELOPMENT_TEAM = XVM4X7JGBU;
				GENERATE_INFOPLIST_FILE = YES;
				INFOPLIST_FILE = AyakasiWidget/Info.plist;
				INFOPLIST_KEY_CFBundleDisplayName = AyakasiWidget;
				INFOPLIST_KEY_NSHumanReadableCopyright = "";
				INFOPLIST_KEY_UIUserInterfaceStyle = Light;
				IPHONEOS_DEPLOYMENT_TARGET = 17.0;
				LD_RUNPATH_SEARCH_PATHS = (
					"$(inherited)",
					"@executable_path/Frameworks",
					"@executable_path/../../Frameworks",
				);
				MARKETING_VERSION = 2.12.5;
				PRODUCT_BUNDLE_IDENTIFIER = net.phihash.ayakasi.AyakasiWidget;
				PRODUCT_NAME = "$(TARGET_NAME)";
				SDKROOT = iphoneos;
				SKIP_INSTALL = YES;
				SWIFT_EMIT_LOC_STRINGS = YES;
				SWIFT_VERSION = 5.0;
				TARGETED_DEVICE_FAMILY = "1,2";
				VALIDATE_PRODUCT = YES;
			};
			name = Release;
		};
/* End XCBuildConfiguration section */

/* Begin XCConfigurationList section */
		A97C29F62E4B6D3000889AB0 /* Build configuration list for PBXProject "ayakasi" */ = {
			isa = XCConfigurationList;
			buildConfigurations = (
				A97C2A052E4B6D3100889AB0 /* Debug */,
				A97C2A062E4B6D3100889AB0 /* Release */,
			);
			defaultConfigurationIsVisible = 0;
			defaultConfigurationName = Release;
		};
		A97C2A072E4B6D3100889AB0 /* Build configuration list for PBXNativeTarget "ayakasi" */ = {
			isa = XCConfigurationList;
			buildConfigurations = (
				A97C2A082E4B6D3100889AB0 /* Debug */,
				A97C2A092E4B6D3100889AB0 /* Release */,
			);
			defaultConfigurationIsVisible = 0;
			defaultConfigurationName = Release;
		};
		A97C2AD92E561B5100889AB0 /* Build configuration list for PBXNativeTarget "AyakasiWidgetExtension" */ = {
			isa = XCConfigurationList;
			buildConfigurations = (
				A97C2ADA2E561B5100889AB0 /* Debug */,
				A97C2ADB2E561B5100889AB0 /* Release */,
			);
			defaultConfigurationIsVisible = 0;
			defaultConfigurationName = Release;
		};
/* End XCConfigurationList section */

/* Begin XCRemoteSwiftPackageReference section */
		A99B6CAA2EC382D700D5D274 /* XCRemoteSwiftPackageReference "Kingfisher" */ = {
			isa = XCRemoteSwiftPackageReference;
			repositoryURL = "https://github.com/onevcat/Kingfisher.git";
			requirement = {
				kind = upToNextMajorVersion;
				minimumVersion = 8.0.0;
			};
		};
		A9DBF6DB2E876D9600F5CDBF /* XCRemoteSwiftPackageReference "firebase-ios-sdk" */ = {
			isa = XCRemoteSwiftPackageReference;
			repositoryURL = "https://github.com/firebase/firebase-ios-sdk.git";
			requirement = {
				kind = upToNextMajorVersion;
				minimumVersion = 12.3.0;
			};
		};
		A9DBF6E32E87B73000F5CDBF /* XCRemoteSwiftPackageReference "GoogleSignIn-iOS" */ = {
			isa = XCRemoteSwiftPackageReference;
			repositoryURL = "https://github.com/google/GoogleSignIn-iOS";
			requirement = {
				kind = upToNextMajorVersion;
				minimumVersion = 9.0.0;
			};
		};
		A9DBF7202E8A453500F5CDBF /* XCRemoteSwiftPackageReference "FeedKit" */ = {
			isa = XCRemoteSwiftPackageReference;
			repositoryURL = "https://github.com/nmdias/FeedKit";
			requirement = {
				kind = upToNextMajorVersion;
				minimumVersion = 10.1.3;
			};
		};
/* End XCRemoteSwiftPackageReference section */

/* Begin XCSwiftPackageProductDependency section */
		A90029512E94146300F90FC5 /* FeedKit */ = {
			isa = XCSwiftPackageProductDependency;
			package = A9DBF7202E8A453500F5CDBF /* XCRemoteSwiftPackageReference "FeedKit" */;
			productName = FeedKit;
		};
		A90029532E94146300F90FC5 /* XMLKit */ = {
			isa = XCSwiftPackageProductDependency;
			package = A9DBF7202E8A453500F5CDBF /* XCRemoteSwiftPackageReference "FeedKit" */;
			productName = XMLKit;
		};
		A99B6CAB2EC382D700D5D274 /* Kingfisher */ = {
			isa = XCSwiftPackageProductDependency;
			package = A99B6CAA2EC382D700D5D274 /* XCRemoteSwiftPackageReference "Kingfisher" */;
			productName = Kingfisher;
		};
		A9DBF6DC2E876D9600F5CDBF /* FirebaseCore */ = {
			isa = XCSwiftPackageProductDependency;
			package = A9DBF6DB2E876D9600F5CDBF /* XCRemoteSwiftPackageReference "firebase-ios-sdk" */;
			productName = FirebaseCore;
		};
		A9DBF6E12E87795A00F5CDBF /* FirebaseAuth */ = {
			isa = XCSwiftPackageProductDependency;
			package = A9DBF6DB2E876D9600F5CDBF /* XCRemoteSwiftPackageReference "firebase-ios-sdk" */;
			productName = FirebaseAuth;
		};
		A9DBF6E42E87B73000F5CDBF /* GoogleSignIn */ = {
			isa = XCSwiftPackageProductDependency;
			package = A9DBF6E32E87B73000F5CDBF /* XCRemoteSwiftPackageReference "GoogleSignIn-iOS" */;
			productName = GoogleSignIn;
		};
		A9DBF6E62E87B73000F5CDBF /* GoogleSignInSwift */ = {
			isa = XCSwiftPackageProductDependency;
			package = A9DBF6E32E87B73000F5CDBF /* XCRemoteSwiftPackageReference "GoogleSignIn-iOS" */;
			productName = GoogleSignInSwift;
		};
		A9DBF7212E8A453500F5CDBF /* FeedKit */ = {
			isa = XCSwiftPackageProductDependency;
			package = A9DBF7202E8A453500F5CDBF /* XCRemoteSwiftPackageReference "FeedKit" */;
			productName = FeedKit;
		};
		A9DBF79D2E90ECE900F5CDBF /* XMLKit */ = {
			isa = XCSwiftPackageProductDependency;
			package = A9DBF7202E8A453500F5CDBF /* XCRemoteSwiftPackageReference "FeedKit" */;
			productName = XMLKit;
		};
/* End XCSwiftPackageProductDependency section */
	};
	rootObject = A97C29F32E4B6D3000889AB0 /* Project object */;
}
